// !$*UTF8*$!
{
	archiveVersion = 1;
	classes = {
	};
	objectVersion = 55;
	objects = {

/* Begin PBXBuildFile section */
		3F22F4CB7BF5228C7E526EB6 /* Pods_Instagram.framework in Frameworks */ = {isa = PBXBuildFile; fileRef = 0264811A4158D87AF0C5969D /* Pods_Instagram.framework */; };
		46B38ED7F1A751C16D771772 /* Pods_Instagram_InstagramUITests.framework in Frameworks */ = {isa = PBXBuildFile; fileRef = 82360B41313396CB3CA83897 /* Pods_Instagram_InstagramUITests.framework */; };
		524318BA28F3A5D100D07370 /* CameraViewController.swift in Sources */ = {isa = PBXBuildFile; fileRef = 524318B928F3A5D100D07370 /* CameraViewController.swift */; };
		5279FC9B28F36C890008B885 /* AppDelegate.swift in Sources */ = {isa = PBXBuildFile; fileRef = 5279FC9A28F36C890008B885 /* AppDelegate.swift */; };
		5279FC9D28F36C890008B885 /* SceneDelegate.swift in Sources */ = {isa = PBXBuildFile; fileRef = 5279FC9C28F36C890008B885 /* SceneDelegate.swift */; };
		5279FCA228F36C890008B885 /* Main.storyboard in Resources */ = {isa = PBXBuildFile; fileRef = 5279FCA028F36C890008B885 /* Main.storyboard */; };
		5279FCA428F36C8B0008B885 /* Assets.xcassets in Resources */ = {isa = PBXBuildFile; fileRef = 5279FCA328F36C8B0008B885 /* Assets.xcassets */; };
		5279FCA728F36C8B0008B885 /* LaunchScreen.storyboard in Resources */ = {isa = PBXBuildFile; fileRef = 5279FCA528F36C8B0008B885 /* LaunchScreen.storyboard */; };
		5279FCB228F36C8B0008B885 /* InstagramTests.swift in Sources */ = {isa = PBXBuildFile; fileRef = 5279FCB128F36C8B0008B885 /* InstagramTests.swift */; };
		5279FCBC28F36C8B0008B885 /* InstagramUITests.swift in Sources */ = {isa = PBXBuildFile; fileRef = 5279FCBB28F36C8B0008B885 /* InstagramUITests.swift */; };
		5279FCBE28F36C8B0008B885 /* InstagramUITestsLaunchTests.swift in Sources */ = {isa = PBXBuildFile; fileRef = 5279FCBD28F36C8B0008B885 /* InstagramUITestsLaunchTests.swift */; };
		5279FCCB28F37FF70008B885 /* LoginViewController.swift in Sources */ = {isa = PBXBuildFile; fileRef = 5279FCCA28F37FF70008B885 /* LoginViewController.swift */; };
		5279FCCD28F3800E0008B885 /* FeedViewController.swift in Sources */ = {isa = PBXBuildFile; fileRef = 5279FCCC28F3800E0008B885 /* FeedViewController.swift */; };
		52CC403528F5091200E65D41 /* PostCell.swift in Sources */ = {isa = PBXBuildFile; fileRef = 52CC403428F5091200E65D41 /* PostCell.swift */; };
		52CC403728F7C20A00E65D41 /* ProfileViewController.swift in Sources */ = {isa = PBXBuildFile; fileRef = 52CC403628F7C20A00E65D41 /* ProfileViewController.swift */; };
		52CC403C28F9032400E65D41 /* ProfileImageCell.swift in Sources */ = {isa = PBXBuildFile; fileRef = 52CC403B28F9032400E65D41 /* ProfileImageCell.swift */; };
		52FCF43528FCF04300C0FDCB /* CommentCell.swift in Sources */ = {isa = PBXBuildFile; fileRef = 52FCF43428FCF04300C0FDCB /* CommentCell.swift */; };
		ED014F8FC60876DCFBC5EEAB /* Pods_InstagramTests.framework in Frameworks */ = {isa = PBXBuildFile; fileRef = AF6FF5EC40468E2A7385ED49 /* Pods_InstagramTests.framework */; };
/* End PBXBuildFile section */

/* Begin PBXContainerItemProxy section */
		5279FCAE28F36C8B0008B885 /* PBXContainerItemProxy */ = {
			isa = PBXContainerItemProxy;
			containerPortal = 5279FC8F28F36C890008B885 /* Project object */;
			proxyType = 1;
			remoteGlobalIDString = 5279FC9628F36C890008B885;
			remoteInfo = Instagram;
		};
		5279FCB828F36C8B0008B885 /* PBXContainerItemProxy */ = {
			isa = PBXContainerItemProxy;
			containerPortal = 5279FC8F28F36C890008B885 /* Project object */;
			proxyType = 1;
			remoteGlobalIDString = 5279FC9628F36C890008B885;
			remoteInfo = Instagram;
		};
/* End PBXContainerItemProxy section */

/* Begin PBXFileReference section */
		0264811A4158D87AF0C5969D /* Pods_Instagram.framework */ = {isa = PBXFileReference; explicitFileType = wrapper.framework; includeInIndex = 0; path = Pods_Instagram.framework; sourceTree = BUILT_PRODUCTS_DIR; };
		2E29001F37D6D589991ED99D /* Pods-Instagram-InstagramUITests.release.xcconfig */ = {isa = PBXFileReference; includeInIndex = 1; lastKnownFileType = text.xcconfig; name = "Pods-Instagram-InstagramUITests.release.xcconfig"; path = "Target Support Files/Pods-Instagram-InstagramUITests/Pods-Instagram-InstagramUITests.release.xcconfig"; sourceTree = "<group>"; };
		4CF6CDBA40CA28248092127C /* Pods-InstagramTests.debug.xcconfig */ = {isa = PBXFileReference; includeInIndex = 1; lastKnownFileType = text.xcconfig; name = "Pods-InstagramTests.debug.xcconfig"; path = "Target Support Files/Pods-InstagramTests/Pods-InstagramTests.debug.xcconfig"; sourceTree = "<group>"; };
		524318B928F3A5D100D07370 /* CameraViewController.swift */ = {isa = PBXFileReference; lastKnownFileType = sourcecode.swift; path = CameraViewController.swift; sourceTree = "<group>"; };
		5279FC9728F36C890008B885 /* Instagram.app */ = {isa = PBXFileReference; explicitFileType = wrapper.application; includeInIndex = 0; path = Instagram.app; sourceTree = BUILT_PRODUCTS_DIR; };
		5279FC9A28F36C890008B885 /* AppDelegate.swift */ = {isa = PBXFileReference; lastKnownFileType = sourcecode.swift; path = AppDelegate.swift; sourceTree = "<group>"; };
		5279FC9C28F36C890008B885 /* SceneDelegate.swift */ = {isa = PBXFileReference; lastKnownFileType = sourcecode.swift; path = SceneDelegate.swift; sourceTree = "<group>"; };
		5279FCA128F36C890008B885 /* Base */ = {isa = PBXFileReference; lastKnownFileType = file.storyboard; name = Base; path = Base.lproj/Main.storyboard; sourceTree = "<group>"; };
		5279FCA328F36C8B0008B885 /* Assets.xcassets */ = {isa = PBXFileReference; lastKnownFileType = folder.assetcatalog; path = Assets.xcassets; sourceTree = "<group>"; };
		5279FCA628F36C8B0008B885 /* Base */ = {isa = PBXFileReference; lastKnownFileType = file.storyboard; name = Base; path = Base.lproj/LaunchScreen.storyboard; sourceTree = "<group>"; };
		5279FCA828F36C8B0008B885 /* Info.plist */ = {isa = PBXFileReference; lastKnownFileType = text.plist.xml; path = Info.plist; sourceTree = "<group>"; };
		5279FCAD28F36C8B0008B885 /* InstagramTests.xctest */ = {isa = PBXFileReference; explicitFileType = wrapper.cfbundle; includeInIndex = 0; path = InstagramTests.xctest; sourceTree = BUILT_PRODUCTS_DIR; };
		5279FCB128F36C8B0008B885 /* InstagramTests.swift */ = {isa = PBXFileReference; lastKnownFileType = sourcecode.swift; path = InstagramTests.swift; sourceTree = "<group>"; };
		5279FCB728F36C8B0008B885 /* InstagramUITests.xctest */ = {isa = PBXFileReference; explicitFileType = wrapper.cfbundle; includeInIndex = 0; path = InstagramUITests.xctest; sourceTree = BUILT_PRODUCTS_DIR; };
		5279FCBB28F36C8B0008B885 /* InstagramUITests.swift */ = {isa = PBXFileReference; lastKnownFileType = sourcecode.swift; path = InstagramUITests.swift; sourceTree = "<group>"; };
		5279FCBD28F36C8B0008B885 /* InstagramUITestsLaunchTests.swift */ = {isa = PBXFileReference; lastKnownFileType = sourcecode.swift; path = InstagramUITestsLaunchTests.swift; sourceTree = "<group>"; };
		5279FCCA28F37FF70008B885 /* LoginViewController.swift */ = {isa = PBXFileReference; lastKnownFileType = sourcecode.swift; path = LoginViewController.swift; sourceTree = "<group>"; };
		5279FCCC28F3800E0008B885 /* FeedViewController.swift */ = {isa = PBXFileReference; lastKnownFileType = sourcecode.swift; path = FeedViewController.swift; sourceTree = "<group>"; };
		52CC403428F5091200E65D41 /* PostCell.swift */ = {isa = PBXFileReference; lastKnownFileType = sourcecode.swift; path = PostCell.swift; sourceTree = "<group>"; };
		52CC403628F7C20A00E65D41 /* ProfileViewController.swift */ = {isa = PBXFileReference; lastKnownFileType = sourcecode.swift; path = ProfileViewController.swift; sourceTree = "<group>"; };
		52CC403B28F9032400E65D41 /* ProfileImageCell.swift */ = {isa = PBXFileReference; lastKnownFileType = sourcecode.swift; path = ProfileImageCell.swift; sourceTree = "<group>"; };
		52FCF43428FCF04300C0FDCB /* CommentCell.swift */ = {isa = PBXFileReference; lastKnownFileType = sourcecode.swift; path = CommentCell.swift; sourceTree = "<group>"; };
		7D5FB0B9C970B37B016780F1 /* Pods-Instagram-InstagramUITests.debug.xcconfig */ = {isa = PBXFileReference; includeInIndex = 1; lastKnownFileType = text.xcconfig; name = "Pods-Instagram-InstagramUITests.debug.xcconfig"; path = "Target Support Files/Pods-Instagram-InstagramUITests/Pods-Instagram-InstagramUITests.debug.xcconfig"; sourceTree = "<group>"; };
		82360B41313396CB3CA83897 /* Pods_Instagram_InstagramUITests.framework */ = {isa = PBXFileReference; explicitFileType = wrapper.framework; includeInIndex = 0; path = Pods_Instagram_InstagramUITests.framework; sourceTree = BUILT_PRODUCTS_DIR; };
		9DB56AE84E3FD55B7A74222B /* Pods-InstagramTests.release.xcconfig */ = {isa = PBXFileReference; includeInIndex = 1; lastKnownFileType = text.xcconfig; name = "Pods-InstagramTests.release.xcconfig"; path = "Target Support Files/Pods-InstagramTests/Pods-InstagramTests.release.xcconfig"; sourceTree = "<group>"; };
		AF6FF5EC40468E2A7385ED49 /* Pods_InstagramTests.framework */ = {isa = PBXFileReference; explicitFileType = wrapper.framework; includeInIndex = 0; path = Pods_InstagramTests.framework; sourceTree = BUILT_PRODUCTS_DIR; };
		B5B49CB5C0AC902E5C70D19E /* Pods-Instagram.release.xcconfig */ = {isa = PBXFileReference; includeInIndex = 1; lastKnownFileType = text.xcconfig; name = "Pods-Instagram.release.xcconfig"; path = "Target Support Files/Pods-Instagram/Pods-Instagram.release.xcconfig"; sourceTree = "<group>"; };
		F6723514DFCBC53AC51391C6 /* Pods-Instagram.debug.xcconfig */ = {isa = PBXFileReference; includeInIndex = 1; lastKnownFileType = text.xcconfig; name = "Pods-Instagram.debug.xcconfig"; path = "Target Support Files/Pods-Instagram/Pods-Instagram.debug.xcconfig"; sourceTree = "<group>"; };
/* End PBXFileReference section */

/* Begin PBXFrameworksBuildPhase section */
		5279FC9428F36C890008B885 /* Frameworks */ = {
			isa = PBXFrameworksBuildPhase;
			buildActionMask = 2147483647;
			files = (
				3F22F4CB7BF5228C7E526EB6 /* Pods_Instagram.framework in Frameworks */,
			);
			runOnlyForDeploymentPostprocessing = 0;
		};
		5279FCAA28F36C8B0008B885 /* Frameworks */ = {
			isa = PBXFrameworksBuildPhase;
			buildActionMask = 2147483647;
			files = (
				ED014F8FC60876DCFBC5EEAB /* Pods_InstagramTests.framework in Frameworks */,
			);
			runOnlyForDeploymentPostprocessing = 0;
		};
		5279FCB428F36C8B0008B885 /* Frameworks */ = {
			isa = PBXFrameworksBuildPhase;
			buildActionMask = 2147483647;
			files = (
				46B38ED7F1A751C16D771772 /* Pods_Instagram_InstagramUITests.framework in Frameworks */,
			);
			runOnlyForDeploymentPostprocessing = 0;
		};
/* End PBXFrameworksBuildPhase section */

/* Begin PBXGroup section */
		5279FC8E28F36C890008B885 = {
			isa = PBXGroup;
			children = (
				5279FC9928F36C890008B885 /* Instagram */,
				5279FCB028F36C8B0008B885 /* InstagramTests */,
				5279FCBA28F36C8B0008B885 /* InstagramUITests */,
				5279FC9828F36C890008B885 /* Products */,
				A764BF1B9D9FEDB19C682517 /* Pods */,
				FEE943007BA7925B45B137D8 /* Frameworks */,
			);
			sourceTree = "<group>";
		};
		5279FC9828F36C890008B885 /* Products */ = {
			isa = PBXGroup;
			children = (
				5279FC9728F36C890008B885 /* Instagram.app */,
				5279FCAD28F36C8B0008B885 /* InstagramTests.xctest */,
				5279FCB728F36C8B0008B885 /* InstagramUITests.xctest */,
			);
			name = Products;
			sourceTree = "<group>";
		};
		5279FC9928F36C890008B885 /* Instagram */ = {
			isa = PBXGroup;
			children = (
				5279FC9A28F36C890008B885 /* AppDelegate.swift */,
				5279FC9C28F36C890008B885 /* SceneDelegate.swift */,
				5279FCA028F36C890008B885 /* Main.storyboard */,
				5279FCA328F36C8B0008B885 /* Assets.xcassets */,
				5279FCA528F36C8B0008B885 /* LaunchScreen.storyboard */,
				5279FCA828F36C8B0008B885 /* Info.plist */,
				5279FCCE28F380140008B885 /* View Controller */,
				52CC403A28F8FFB900E65D41 /* Cell */,
			);
			path = Instagram;
			sourceTree = "<group>";
		};
		5279FCB028F36C8B0008B885 /* InstagramTests */ = {
			isa = PBXGroup;
			children = (
				5279FCB128F36C8B0008B885 /* InstagramTests.swift */,
			);
			path = InstagramTests;
			sourceTree = "<group>";
		};
		5279FCBA28F36C8B0008B885 /* InstagramUITests */ = {
			isa = PBXGroup;
			children = (
				5279FCBB28F36C8B0008B885 /* InstagramUITests.swift */,
				5279FCBD28F36C8B0008B885 /* InstagramUITestsLaunchTests.swift */,
			);
			path = InstagramUITests;
			sourceTree = "<group>";
		};
		5279FCCE28F380140008B885 /* View Controller */ = {
			isa = PBXGroup;
			children = (
				5279FCCA28F37FF70008B885 /* LoginViewController.swift */,
				524318B928F3A5D100D07370 /* CameraViewController.swift */,
				5279FCCC28F3800E0008B885 /* FeedViewController.swift */,
				52CC403628F7C20A00E65D41 /* ProfileViewController.swift */,
			);
			path = "View Controller";
			sourceTree = "<group>";
		};
		52CC403A28F8FFB900E65D41 /* Cell */ = {
			isa = PBXGroup;
			children = (
				52CC403428F5091200E65D41 /* PostCell.swift */,
				52CC403B28F9032400E65D41 /* ProfileImageCell.swift */,
				52FCF43428FCF04300C0FDCB /* CommentCell.swift */,
			);
			path = Cell;
			sourceTree = "<group>";
		};
		A764BF1B9D9FEDB19C682517 /* Pods */ = {
			isa = PBXGroup;
			children = (
				F6723514DFCBC53AC51391C6 /* Pods-Instagram.debug.xcconfig */,
				B5B49CB5C0AC902E5C70D19E /* Pods-Instagram.release.xcconfig */,
				7D5FB0B9C970B37B016780F1 /* Pods-Instagram-InstagramUITests.debug.xcconfig */,
				2E29001F37D6D589991ED99D /* Pods-Instagram-InstagramUITests.release.xcconfig */,
				4CF6CDBA40CA28248092127C /* Pods-InstagramTests.debug.xcconfig */,
				9DB56AE84E3FD55B7A74222B /* Pods-InstagramTests.release.xcconfig */,
			);
			path = Pods;
			sourceTree = "<group>";
		};
		FEE943007BA7925B45B137D8 /* Frameworks */ = {
			isa = PBXGroup;
			children = (
				0264811A4158D87AF0C5969D /* Pods_Instagram.framework */,
				82360B41313396CB3CA83897 /* Pods_Instagram_InstagramUITests.framework */,
				AF6FF5EC40468E2A7385ED49 /* Pods_InstagramTests.framework */,
			);
			name = Frameworks;
			sourceTree = "<group>";
		};
/* End PBXGroup section */

/* Begin PBXNativeTarget section */
		5279FC9628F36C890008B885 /* Instagram */ = {
			isa = PBXNativeTarget;
			buildConfigurationList = 5279FCC128F36C8B0008B885 /* Build configuration list for PBXNativeTarget "Instagram" */;
			buildPhases = (
				B712F0B5AE7A4553848C3799 /* [CP] Check Pods Manifest.lock */,
				5279FC9328F36C890008B885 /* Sources */,
				5279FC9428F36C890008B885 /* Frameworks */,
				5279FC9528F36C890008B885 /* Resources */,
				D22233901DA460D52B505276 /* [CP] Embed Pods Frameworks */,
			);
			buildRules = (
			);
			dependencies = (
			);
			name = Instagram;
			productName = Instagram;
			productReference = 5279FC9728F36C890008B885 /* Instagram.app */;
			productType = "com.apple.product-type.application";
		};
		5279FCAC28F36C8B0008B885 /* InstagramTests */ = {
			isa = PBXNativeTarget;
			buildConfigurationList = 5279FCC428F36C8B0008B885 /* Build configuration list for PBXNativeTarget "InstagramTests" */;
			buildPhases = (
				B3F6D286DB09602666CB6094 /* [CP] Check Pods Manifest.lock */,
				5279FCA928F36C8B0008B885 /* Sources */,
				5279FCAA28F36C8B0008B885 /* Frameworks */,
				5279FCAB28F36C8B0008B885 /* Resources */,
			);
			buildRules = (
			);
			dependencies = (
				5279FCAF28F36C8B0008B885 /* PBXTargetDependency */,
			);
			name = InstagramTests;
			productName = InstagramTests;
			productReference = 5279FCAD28F36C8B0008B885 /* InstagramTests.xctest */;
			productType = "com.apple.product-type.bundle.unit-test";
		};
		5279FCB628F36C8B0008B885 /* InstagramUITests */ = {
			isa = PBXNativeTarget;
			buildConfigurationList = 5279FCC728F36C8B0008B885 /* Build configuration list for PBXNativeTarget "InstagramUITests" */;
			buildPhases = (
				422265029321EE039A8CC85B /* [CP] Check Pods Manifest.lock */,
				5279FCB328F36C8B0008B885 /* Sources */,
				5279FCB428F36C8B0008B885 /* Frameworks */,
				5279FCB528F36C8B0008B885 /* Resources */,
				2E6B6584BC63B5CF204BB46E /* [CP] Embed Pods Frameworks */,
			);
			buildRules = (
			);
			dependencies = (
				5279FCB928F36C8B0008B885 /* PBXTargetDependency */,
			);
			name = InstagramUITests;
			productName = InstagramUITests;
			productReference = 5279FCB728F36C8B0008B885 /* InstagramUITests.xctest */;
			productType = "com.apple.product-type.bundle.ui-testing";
		};
/* End PBXNativeTarget section */

/* Begin PBXProject section */
		5279FC8F28F36C890008B885 /* Project object */ = {
			isa = PBXProject;
			attributes = {
				BuildIndependentTargetsInParallel = 1;
				LastSwiftUpdateCheck = 1400;
				LastUpgradeCheck = 1400;
				TargetAttributes = {
					5279FC9628F36C890008B885 = {
						CreatedOnToolsVersion = 14.0.1;
					};
					5279FCAC28F36C8B0008B885 = {
						CreatedOnToolsVersion = 14.0.1;
						TestTargetID = 5279FC9628F36C890008B885;
					};
					5279FCB628F36C8B0008B885 = {
						CreatedOnToolsVersion = 14.0.1;
						TestTargetID = 5279FC9628F36C890008B885;
					};
				};
			};
			buildConfigurationList = 5279FC9228F36C890008B885 /* Build configuration list for PBXProject "Instagram" */;
			compatibilityVersion = "Xcode 14.0";
			developmentRegion = en;
			hasScannedForEncodings = 0;
			knownRegions = (
				en,
				Base,
			);
			mainGroup = 5279FC8E28F36C890008B885;
			productRefGroup = 5279FC9828F36C890008B885 /* Products */;
			projectDirPath = "";
			projectRoot = "";
			targets = (
				5279FC9628F36C890008B885 /* Instagram */,
				5279FCAC28F36C8B0008B885 /* InstagramTests */,
				5279FCB628F36C8B0008B885 /* InstagramUITests */,
			);
		};
/* End PBXProject section */

/* Begin PBXResourcesBuildPhase section */
		5279FC9528F36C890008B885 /* Resources */ = {
			isa = PBXResourcesBuildPhase;
			buildActionMask = 2147483647;
			files = (
				5279FCA728F36C8B0008B885 /* LaunchScreen.storyboard in Resources */,
				5279FCA428F36C8B0008B885 /* Assets.xcassets in Resources */,
				5279FCA228F36C890008B885 /* Main.storyboard in Resources */,
			);
			runOnlyForDeploymentPostprocessing = 0;
		};
		5279FCAB28F36C8B0008B885 /* Resources */ = {
			isa = PBXResourcesBuildPhase;
			buildActionMask = 2147483647;
			files = (
			);
			runOnlyForDeploymentPostprocessing = 0;
		};
		5279FCB528F36C8B0008B885 /* Resources */ = {
			isa = PBXResourcesBuildPhase;
			buildActionMask = 2147483647;
			files = (
			);
			runOnlyForDeploymentPostprocessing = 0;
		};
/* End PBXResourcesBuildPhase section */

/* Begin PBXShellScriptBuildPhase section */
		2E6B6584BC63B5CF204BB46E /* [CP] Embed Pods Frameworks */ = {
			isa = PBXShellScriptBuildPhase;
			buildActionMask = 2147483647;
			files = (
			);
			inputFileListPaths = (
				"${PODS_ROOT}/Target Support Files/Pods-Instagram-InstagramUITests/Pods-Instagram-InstagramUITests-frameworks-${CONFIGURATION}-input-files.xcfilelist",
			);
			name = "[CP] Embed Pods Frameworks";
			outputFileListPaths = (
				"${PODS_ROOT}/Target Support Files/Pods-Instagram-InstagramUITests/Pods-Instagram-InstagramUITests-frameworks-${CONFIGURATION}-output-files.xcfilelist",
			);
			runOnlyForDeploymentPostprocessing = 0;
			shellPath = /bin/sh;
			shellScript = "\"${PODS_ROOT}/Target Support Files/Pods-Instagram-InstagramUITests/Pods-Instagram-InstagramUITests-frameworks.sh\"\n";
			showEnvVarsInLog = 0;
		};
		422265029321EE039A8CC85B /* [CP] Check Pods Manifest.lock */ = {
			isa = PBXShellScriptBuildPhase;
			buildActionMask = 2147483647;
			files = (
			);
			inputFileListPaths = (
			);
			inputPaths = (
				"${PODS_PODFILE_DIR_PATH}/Podfile.lock",
				"${PODS_ROOT}/Manifest.lock",
			);
			name = "[CP] Check Pods Manifest.lock";
			outputFileListPaths = (
			);
			outputPaths = (
				"$(DERIVED_FILE_DIR)/Pods-Instagram-InstagramUITests-checkManifestLockResult.txt",
			);
			runOnlyForDeploymentPostprocessing = 0;
			shellPath = /bin/sh;
			shellScript = "diff \"${PODS_PODFILE_DIR_PATH}/Podfile.lock\" \"${PODS_ROOT}/Manifest.lock\" > /dev/null\nif [ $? != 0 ] ; then\n    # print error to STDERR\n    echo \"error: The sandbox is not in sync with the Podfile.lock. Run 'pod install' or update your CocoaPods installation.\" >&2\n    exit 1\nfi\n# This output is used by Xcode 'outputs' to avoid re-running this script phase.\necho \"SUCCESS\" > \"${SCRIPT_OUTPUT_FILE_0}\"\n";
			showEnvVarsInLog = 0;
		};
		B3F6D286DB09602666CB6094 /* [CP] Check Pods Manifest.lock */ = {
			isa = PBXShellScriptBuildPhase;
			buildActionMask = 2147483647;
			files = (
			);
			inputFileListPaths = (
			);
			inputPaths = (
				"${PODS_PODFILE_DIR_PATH}/Podfile.lock",
				"${PODS_ROOT}/Manifest.lock",
			);
			name = "[CP] Check Pods Manifest.lock";
			outputFileListPaths = (
			);
			outputPaths = (
				"$(DERIVED_FILE_DIR)/Pods-InstagramTests-checkManifestLockResult.txt",
			);
			runOnlyForDeploymentPostprocessing = 0;
			shellPath = /bin/sh;
			shellScript = "diff \"${PODS_PODFILE_DIR_PATH}/Podfile.lock\" \"${PODS_ROOT}/Manifest.lock\" > /dev/null\nif [ $? != 0 ] ; then\n    # print error to STDERR\n    echo \"error: The sandbox is not in sync with the Podfile.lock. Run 'pod install' or update your CocoaPods installation.\" >&2\n    exit 1\nfi\n# This output is used by Xcode 'outputs' to avoid re-running this script phase.\necho \"SUCCESS\" > \"${SCRIPT_OUTPUT_FILE_0}\"\n";
			showEnvVarsInLog = 0;
		};
		B712F0B5AE7A4553848C3799 /* [CP] Check Pods Manifest.lock */ = {
			isa = PBXShellScriptBuildPhase;
			buildActionMask = 2147483647;
			files = (
			);
			inputFileListPaths = (
			);
			inputPaths = (
				"${PODS_PODFILE_DIR_PATH}/Podfile.lock",
				"${PODS_ROOT}/Manifest.lock",
			);
			name = "[CP] Check Pods Manifest.lock";
			outputFileListPaths = (
			);
			outputPaths = (
				"$(DERIVED_FILE_DIR)/Pods-Instagram-checkManifestLockResult.txt",
			);
			runOnlyForDeploymentPostprocessing = 0;
			shellPath = /bin/sh;
			shellScript = "diff \"${PODS_PODFILE_DIR_PATH}/Podfile.lock\" \"${PODS_ROOT}/Manifest.lock\" > /dev/null\nif [ $? != 0 ] ; then\n    # print error to STDERR\n    echo \"error: The sandbox is not in sync with the Podfile.lock. Run 'pod install' or update your CocoaPods installation.\" >&2\n    exit 1\nfi\n# This output is used by Xcode 'outputs' to avoid re-running this script phase.\necho \"SUCCESS\" > \"${SCRIPT_OUTPUT_FILE_0}\"\n";
			showEnvVarsInLog = 0;
		};
		D22233901DA460D52B505276 /* [CP] Embed Pods Frameworks */ = {
			isa = PBXShellScriptBuildPhase;
			buildActionMask = 2147483647;
			files = (
			);
			inputFileListPaths = (
				"${PODS_ROOT}/Target Support Files/Pods-Instagram/Pods-Instagram-frameworks-${CONFIGURATION}-input-files.xcfilelist",
			);
			name = "[CP] Embed Pods Frameworks";
			outputFileListPaths = (
				"${PODS_ROOT}/Target Support Files/Pods-Instagram/Pods-Instagram-frameworks-${CONFIGURATION}-output-files.xcfilelist",
			);
			runOnlyForDeploymentPostprocessing = 0;
			shellPath = /bin/sh;
			shellScript = "\"${PODS_ROOT}/Target Support Files/Pods-Instagram/Pods-Instagram-frameworks.sh\"\n";
			showEnvVarsInLog = 0;
		};
/* End PBXShellScriptBuildPhase section */

/* Begin PBXSourcesBuildPhase section */
		5279FC9328F36C890008B885 /* Sources */ = {
			isa = PBXSourcesBuildPhase;
			buildActionMask = 2147483647;
			files = (
				5279FCCB28F37FF70008B885 /* LoginViewController.swift in Sources */,
				524318BA28F3A5D100D07370 /* CameraViewController.swift in Sources */,
				5279FC9B28F36C890008B885 /* AppDelegate.swift in Sources */,
				5279FCCD28F3800E0008B885 /* FeedViewController.swift in Sources */,
				52CC403728F7C20A00E65D41 /* ProfileViewController.swift in Sources */,
				52FCF43528FCF04300C0FDCB /* CommentCell.swift in Sources */,
				52CC403C28F9032400E65D41 /* ProfileImageCell.swift in Sources */,
				5279FC9D28F36C890008B885 /* SceneDelegate.swift in Sources */,
				52CC403528F5091200E65D41 /* PostCell.swift in Sources */,
			);
			runOnlyForDeploymentPostprocessing = 0;
		};
		5279FCA928F36C8B0008B885 /* Sources */ = {
			isa = PBXSourcesBuildPhase;
			buildActionMask = 2147483647;
			files = (
				5279FCB228F36C8B0008B885 /* InstagramTests.swift in Sources */,
			);
			runOnlyForDeploymentPostprocessing = 0;
		};
		5279FCB328F36C8B0008B885 /* Sources */ = {
			isa = PBXSourcesBuildPhase;
			buildActionMask = 2147483647;
			files = (
				5279FCBC28F36C8B0008B885 /* InstagramUITests.swift in Sources */,
				5279FCBE28F36C8B0008B885 /* InstagramUITestsLaunchTests.swift in Sources */,
			);
			runOnlyForDeploymentPostprocessing = 0;
		};
/* End PBXSourcesBuildPhase section */

/* Begin PBXTargetDependency section */
		5279FCAF28F36C8B0008B885 /* PBXTargetDependency */ = {
			isa = PBXTargetDependency;
			target = 5279FC9628F36C890008B885 /* Instagram */;
			targetProxy = 5279FCAE28F36C8B0008B885 /* PBXContainerItemProxy */;
		};
		5279FCB928F36C8B0008B885 /* PBXTargetDependency */ = {
			isa = PBXTargetDependency;
			target = 5279FC9628F36C890008B885 /* Instagram */;
			targetProxy = 5279FCB828F36C8B0008B885 /* PBXContainerItemProxy */;
		};
/* End PBXTargetDependency section */

/* Begin PBXVariantGroup section */
		5279FCA028F36C890008B885 /* Main.storyboard */ = {
			isa = PBXVariantGroup;
			children = (
				5279FCA128F36C890008B885 /* Base */,
			);
			name = Main.storyboard;
			sourceTree = "<group>";
		};
		5279FCA528F36C8B0008B885 /* LaunchScreen.storyboard */ = {
			isa = PBXVariantGroup;
			children = (
				5279FCA628F36C8B0008B885 /* Base */,
			);
			name = LaunchScreen.storyboard;
			sourceTree = "<group>";
		};
/* End PBXVariantGroup section */

/* Begin XCBuildConfiguration section */
		5279FCBF28F36C8B0008B885 /* Debug */ = {
			isa = XCBuildConfiguration;
			buildSettings = {
				ALWAYS_SEARCH_USER_PATHS = NO;
				CLANG_ANALYZER_NONNULL = YES;
				CLANG_ANALYZER_NUMBER_OBJECT_CONVERSION = YES_AGGRESSIVE;
				CLANG_CXX_LANGUAGE_STANDARD = "gnu++20";
				CLANG_ENABLE_MODULES = YES;
				CLANG_ENABLE_OBJC_ARC = YES;
				CLANG_ENABLE_OBJC_WEAK = YES;
				CLANG_WARN_BLOCK_CAPTURE_AUTORELEASING = YES;
				CLANG_WARN_BOOL_CONVERSION = YES;
				CLANG_WARN_COMMA = YES;
				CLANG_WARN_CONSTANT_CONVERSION = YES;
				CLANG_WARN_DEPRECATED_OBJC_IMPLEMENTATIONS = YES;
				CLANG_WARN_DIRECT_OBJC_ISA_USAGE = YES_ERROR;
				CLANG_WARN_DOCUMENTATION_COMMENTS = YES;
				CLANG_WARN_EMPTY_BODY = YES;
				CLANG_WARN_ENUM_CONVERSION = YES;
				CLANG_WARN_INFINITE_RECURSION = YES;
				CLANG_WARN_INT_CONVERSION = YES;
				CLANG_WARN_NON_LITERAL_NULL_CONVERSION = YES;
				CLANG_WARN_OBJC_IMPLICIT_RETAIN_SELF = YES;
				CLANG_WARN_OBJC_LITERAL_CONVERSION = YES;
				CLANG_WARN_OBJC_ROOT_CLASS = YES_ERROR;
				CLANG_WARN_QUOTED_INCLUDE_IN_FRAMEWORK_HEADER = YES;
				CLANG_WARN_RANGE_LOOP_ANALYSIS = YES;
				CLANG_WARN_STRICT_PROTOTYPES = YES;
				CLANG_WARN_SUSPICIOUS_MOVE = YES;
				CLANG_WARN_UNGUARDED_AVAILABILITY = YES_AGGRESSIVE;
				CLANG_WARN_UNREACHABLE_CODE = YES;
				CLANG_WARN__DUPLICATE_METHOD_MATCH = YES;
				COPY_PHASE_STRIP = NO;
				DEBUG_INFORMATION_FORMAT = dwarf;
				ENABLE_STRICT_OBJC_MSGSEND = YES;
				ENABLE_TESTABILITY = YES;
				GCC_C_LANGUAGE_STANDARD = gnu11;
				GCC_DYNAMIC_NO_PIC = NO;
				GCC_NO_COMMON_BLOCKS = YES;
				GCC_OPTIMIZATION_LEVEL = 0;
				GCC_PREPROCESSOR_DEFINITIONS = (
					"DEBUG=1",
					"$(inherited)",
				);
				GCC_WARN_64_TO_32_BIT_CONVERSION = YES;
				GCC_WARN_ABOUT_RETURN_TYPE = YES_ERROR;
				GCC_WARN_UNDECLARED_SELECTOR = YES;
				GCC_WARN_UNINITIALIZED_AUTOS = YES_AGGRESSIVE;
				GCC_WARN_UNUSED_FUNCTION = YES;
				GCC_WARN_UNUSED_VARIABLE = YES;
				IPHONEOS_DEPLOYMENT_TARGET = 16.0;
				MTL_ENABLE_DEBUG_INFO = INCLUDE_SOURCE;
				MTL_FAST_MATH = YES;
				ONLY_ACTIVE_ARCH = YES;
				SDKROOT = iphoneos;
				SWIFT_ACTIVE_COMPILATION_CONDITIONS = DEBUG;
				SWIFT_OPTIMIZATION_LEVEL = "-Onone";
			};
			name = Debug;
		};
		5279FCC028F36C8B0008B885 /* Release */ = {
			isa = XCBuildConfiguration;
			buildSettings = {
				ALWAYS_SEARCH_USER_PATHS = NO;
				CLANG_ANALYZER_NONNULL = YES;
				CLANG_ANALYZER_NUMBER_OBJECT_CONVERSION = YES_AGGRESSIVE;
				CLANG_CXX_LANGUAGE_STANDARD = "gnu++20";
				CLANG_ENABLE_MODULES = YES;
				CLANG_ENABLE_OBJC_ARC = YES;
				CLANG_ENABLE_OBJC_WEAK = YES;
				CLANG_WARN_BLOCK_CAPTURE_AUTORELEASING = YES;
				CLANG_WARN_BOOL_CONVERSION = YES;
				CLANG_WARN_COMMA = YES;
				CLANG_WARN_CONSTANT_CONVERSION = YES;
				CLANG_WARN_DEPRECATED_OBJC_IMPLEMENTATIONS = YES;
				CLANG_WARN_DIRECT_OBJC_ISA_USAGE = YES_ERROR;
				CLANG_WARN_DOCUMENTATION_COMMENTS = YES;
				CLANG_WARN_EMPTY_BODY = YES;
				CLANG_WARN_ENUM_CONVERSION = YES;
				CLANG_WARN_INFINITE_RECURSION = YES;
				CLANG_WARN_INT_CONVERSION = YES;
				CLANG_WARN_NON_LITERAL_NULL_CONVERSION = YES;
				CLANG_WARN_OBJC_IMPLICIT_RETAIN_SELF = YES;
				CLANG_WARN_OBJC_LITERAL_CONVERSION = YES;
				CLANG_WARN_OBJC_ROOT_CLASS = YES_ERROR;
				CLANG_WARN_QUOTED_INCLUDE_IN_FRAMEWORK_HEADER = YES;
				CLANG_WARN_RANGE_LOOP_ANALYSIS = YES;
				CLANG_WARN_STRICT_PROTOTYPES = YES;
				CLANG_WARN_SUSPICIOUS_MOVE = YES;
				CLANG_WARN_UNGUARDED_AVAILABILITY = YES_AGGRESSIVE;
				CLANG_WARN_UNREACHABLE_CODE = YES;
				CLANG_WARN__DUPLICATE_METHOD_MATCH = YES;
				COPY_PHASE_STRIP = NO;
				DEBUG_INFORMATION_FORMAT = "dwarf-with-dsym";
				ENABLE_NS_ASSERTIONS = NO;
				ENABLE_STRICT_OBJC_MSGSEND = YES;
				GCC_C_LANGUAGE_STANDARD = gnu11;
				GCC_NO_COMMON_BLOCKS = YES;
				GCC_WARN_64_TO_32_BIT_CONVERSION = YES;
				GCC_WARN_ABOUT_RETURN_TYPE = YES_ERROR;
				GCC_WARN_UNDECLARED_SELECTOR = YES;
				GCC_WARN_UNINITIALIZED_AUTOS = YES_AGGRESSIVE;
				GCC_WARN_UNUSED_FUNCTION = YES;
				GCC_WARN_UNUSED_VARIABLE = YES;
				IPHONEOS_DEPLOYMENT_TARGET = 16.0;
				MTL_ENABLE_DEBUG_INFO = NO;
				MTL_FAST_MATH = YES;
				SDKROOT = iphoneos;
				SWIFT_COMPILATION_MODE = wholemodule;
				SWIFT_OPTIMIZATION_LEVEL = "-O";
				VALIDATE_PRODUCT = YES;
			};
			name = Release;
		};
		5279FCC228F36C8B0008B885 /* Debug */ = {
			isa = XCBuildConfiguration;
			baseConfigurationReference = F6723514DFCBC53AC51391C6 /* Pods-Instagram.debug.xcconfig */;
			buildSettings = {
				ASSETCATALOG_COMPILER_APPICON_NAME = AppIcon;
				ASSETCATALOG_COMPILER_GLOBAL_ACCENT_COLOR_NAME = AccentColor;
				CODE_SIGN_STYLE = Automatic;
				CURRENT_PROJECT_VERSION = 1;
				DEVELOPMENT_TEAM = 8T742VG7ZG;
				GENERATE_INFOPLIST_FILE = YES;
				INFOPLIST_FILE = Instagram/Info.plist;
				INFOPLIST_KEY_UIApplicationSupportsIndirectInputEvents = YES;
				INFOPLIST_KEY_UILaunchStoryboardName = LaunchScreen;
				INFOPLIST_KEY_UIMainStoryboardFile = Main;
				INFOPLIST_KEY_UISupportedInterfaceOrientations_iPad = "UIInterfaceOrientationPortrait UIInterfaceOrientationPortraitUpsideDown UIInterfaceOrientationLandscapeLeft UIInterfaceOrientationLandscapeRight";
				INFOPLIST_KEY_UISupportedInterfaceOrientations_iPhone = "UIInterfaceOrientationPortrait UIInterfaceOrientationLandscapeLeft UIInterfaceOrientationLandscapeRight";
				IPHONEOS_DEPLOYMENT_TARGET = 15.6;
				LD_RUNPATH_SEARCH_PATHS = (
					"$(inherited)",
					"@executable_path/Frameworks",
				);
				MARKETING_VERSION = 1.0;
				PRODUCT_BUNDLE_IDENTIFIER = com.ttdo19.Instagram;
				PRODUCT_NAME = "$(TARGET_NAME)";
				SWIFT_EMIT_LOC_STRINGS = YES;
				SWIFT_VERSION = 5.0;
				TARGETED_DEVICE_FAMILY = "1,2";
			};
			name = Debug;
		};
		5279FCC328F36C8B0008B885 /* Release */ = {
			isa = XCBuildConfiguration;
			baseConfigurationReference = B5B49CB5C0AC902E5C70D19E /* Pods-Instagram.release.xcconfig */;
			buildSettings = {
				ASSETCATALOG_COMPILER_APPICON_NAME = AppIcon;
				ASSETCATALOG_COMPILER_GLOBAL_ACCENT_COLOR_NAME = AccentColor;
				CODE_SIGN_STYLE = Automatic;
				CURRENT_PROJECT_VERSION = 1;
				DEVELOPMENT_TEAM = 8T742VG7ZG;
				GENERATE_INFOPLIST_FILE = YES;
				INFOPLIST_FILE = Instagram/Info.plist;
				INFOPLIST_KEY_UIApplicationSupportsIndirectInputEvents = YES;
				INFOPLIST_KEY_UILaunchStoryboardName = LaunchScreen;
				INFOPLIST_KEY_UIMainStoryboardFile = Main;
				INFOPLIST_KEY_UISupportedInterfaceOrientations_iPad = "UIInterfaceOrientationPortrait UIInterfaceOrientationPortraitUpsideDown UIInterfaceOrientationLandscapeLeft UIInterfaceOrientationLandscapeRight";
				INFOPLIST_KEY_UISupportedInterfaceOrientations_iPhone = "UIInterfaceOrientationPortrait UIInterfaceOrientationLandscapeLeft UIInterfaceOrientationLandscapeRight";
				IPHONEOS_DEPLOYMENT_TARGET = 15.6;
				LD_RUNPATH_SEARCH_PATHS = (
					"$(inherited)",
					"@executable_path/Frameworks",
				);
				MARKETING_VERSION = 1.0;
				PRODUCT_BUNDLE_IDENTIFIER = com.ttdo19.Instagram;
				PRODUCT_NAME = "$(TARGET_NAME)";
				SWIFT_EMIT_LOC_STRINGS = YES;
				SWIFT_VERSION = 5.0;
				TARGETED_DEVICE_FAMILY = "1,2";
			};
			name = Release;
		};
		5279FCC528F36C8B0008B885 /* Debug */ = {
			isa = XCBuildConfiguration;
			baseConfigurationReference = 4CF6CDBA40CA28248092127C /* Pods-InstagramTests.debug.xcconfig */;
			buildSettings = {
				ALWAYS_EMBED_SWIFT_STANDARD_LIBRARIES = YES;
				BUNDLE_LOADER = "$(TEST_HOST)";
				CODE_SIGN_STYLE = Automatic;
				CURRENT_PROJECT_VERSION = 1;
				DEVELOPMENT_TEAM = 8T742VG7ZG;
				GENERATE_INFOPLIST_FILE = YES;
				IPHONEOS_DEPLOYMENT_TARGET = 16.0;
				MARKETING_VERSION = 1.0;
				PRODUCT_BUNDLE_IDENTIFIER = com.ttdo19.InstagramTests;
				PRODUCT_NAME = "$(TARGET_NAME)";
				SWIFT_EMIT_LOC_STRINGS = NO;
				SWIFT_VERSION = 5.0;
				TARGETED_DEVICE_FAMILY = "1,2";
				TEST_HOST = "$(BUILT_PRODUCTS_DIR)/Instagram.app/$(BUNDLE_EXECUTABLE_FOLDER_PATH)/Instagram";
			};
			name = Debug;
		};
		5279FCC628F36C8B0008B885 /* Release */ = {
			isa = XCBuildConfiguration;
			baseConfigurationReference = 9DB56AE84E3FD55B7A74222B /* Pods-InstagramTests.release.xcconfig */;
			buildSettings = {
				ALWAYS_EMBED_SWIFT_STANDARD_LIBRARIES = YES;
				BUNDLE_LOADER = "$(TEST_HOST)";
				CODE_SIGN_STYLE = Automatic;
				CURRENT_PROJECT_VERSION = 1;
				DEVELOPMENT_TEAM = 8T742VG7ZG;
				GENERATE_INFOPLIST_FILE = YES;
				IPHONEOS_DEPLOYMENT_TARGET = 16.0;
				MARKETING_VERSION = 1.0;
				PRODUCT_BUNDLE_IDENTIFIER = com.ttdo19.InstagramTests;
				PRODUCT_NAME = "$(TARGET_NAME)";
				SWIFT_EMIT_LOC_STRINGS = NO;
				SWIFT_VERSION = 5.0;
				TARGETED_DEVICE_FAMILY = "1,2";
				TEST_HOST = "$(BUILT_PRODUCTS_DIR)/Instagram.app/$(BUNDLE_EXECUTABLE_FOLDER_PATH)/Instagram";
			};
			name = Release;
		};
		5279FCC828F36C8B0008B885 /* Debug */ = {
			isa = XCBuildConfiguration;
			baseConfigurationReference = 7D5FB0B9C970B37B016780F1 /* Pods-Instagram-InstagramUITests.debug.xcconfig */;
			buildSettings = {
				ALWAYS_EMBED_SWIFT_STANDARD_LIBRARIES = YES;
				CODE_SIGN_STYLE = Automatic;
				CURRENT_PROJECT_VERSION = 1;
				DEVELOPMENT_TEAM = 8T742VG7ZG;
				GENERATE_INFOPLIST_FILE = YES;
				MARKETING_VERSION = 1.0;
				PRODUCT_BUNDLE_IDENTIFIER = com.ttdo19.InstagramUITests;
				PRODUCT_NAME = "$(TARGET_NAME)";
				SWIFT_EMIT_LOC_STRINGS = NO;
				SWIFT_VERSION = 5.0;
				TARGETED_DEVICE_FAMILY = "1,2";
				TEST_TARGET_NAME = Instagram;
			};
			name = Debug;
		};
		5279FCC928F36C8B0008B885 /* Release */ = {
			isa = XCBuildConfiguration;
			baseConfigurationReference = 2E29001F37D6D589991ED99D /* Pods-Instagram-InstagramUITests.release.xcconfig */;
			buildSettings = {
				ALWAYS_EMBED_SWIFT_STANDARD_LIBRARIES = YES;
				CODE_SIGN_STYLE = Automatic;
				CURRENT_PROJECT_VERSION = 1;
				DEVELOPMENT_TEAM = 8T742VG7ZG;
				GENERATE_INFOPLIST_FILE = YES;
				MARKETING_VERSION = 1.0;
				PRODUCT_BUNDLE_IDENTIFIER = com.ttdo19.InstagramUITests;
				PRODUCT_NAME = "$(TARGET_NAME)";
				SWIFT_EMIT_LOC_STRINGS = NO;
				SWIFT_VERSION = 5.0;
				TARGETED_DEVICE_FAMILY = "1,2";
				TEST_TARGET_NAME = Instagram;
			};
			name = Release;
		};
/* End XCBuildConfiguration section */

/* Begin XCConfigurationList section */
		5279FC9228F36C890008B885 /* Build configuration list for PBXProject "Instagram" */ = {
			isa = XCConfigurationList;
			buildConfigurations = (
				5279FCBF28F36C8B0008B885 /* Debug */,
				5279FCC028F36C8B0008B885 /* Release */,
			);
			defaultConfigurationIsVisible = 0;
			defaultConfigurationName = Release;
		};
		5279FCC128F36C8B0008B885 /* Build configuration list for PBXNativeTarget "Instagram" */ = {
			isa = XCConfigurationList;
			buildConfigurations = (
				5279FCC228F36C8B0008B885 /* Debug */,
				5279FCC328F36C8B0008B885 /* Release */,
			);
			defaultConfigurationIsVisible = 0;
			defaultConfigurationName = Release;
		};
		5279FCC428F36C8B0008B885 /* Build configuration list for PBXNativeTarget "InstagramTests" */ = {
			isa = XCConfigurationList;
			buildConfigurations = (
				5279FCC528F36C8B0008B885 /* Debug */,
				5279FCC628F36C8B0008B885 /* Release */,
			);
			defaultConfigurationIsVisible = 0;
			defaultConfigurationName = Release;
		};
		5279FCC728F36C8B0008B885 /* Build configuration list for PBXNativeTarget "InstagramUITests" */ = {
			isa = XCConfigurationList;
			buildConfigurations = (
				5279FCC828F36C8B0008B885 /* Debug */,
				5279FCC928F36C8B0008B885 /* Release */,
			);
			defaultConfigurationIsVisible = 0;
			defaultConfigurationName = Release;
		};
/* End XCConfigurationList section */
	};
	rootObject = 5279FC8F28F36C890008B885 /* Project object */;
}
